
Microsoft Visual Studio Solution File, Format Version 12.00
# Visual Studio Version 17
VisualStudioVersion = 17.6.33723.286
MinimumVisualStudioVersion = 10.0.40219.1
Project("{54A90642-561A-4BB1-A94E-469ADEE60C69}") = "demo-mvvm-react", "demo-mvvm-react\demo-mvvm-react.esproj", "{6F73438C-88A8-4A63-A95D-67B57CA1C6CD}"
EndProject
Global
	GlobalSection(SolutionConfigurationPlatforms) = preSolution
		Debug|Any CPU = Debug|Any CPU
		Release|Any CPU = Release|Any CPU
	EndGlobalSection
	GlobalSection(ProjectConfigurationPlatforms) = postSolution
		{6F73438C-88A8-4A63-A95D-67B57CA1C6CD}.Debug|Any CPU.ActiveCfg = Debug|Any CPU
		{6F73438C-88A8-4A63-A95D-67B57CA1C6CD}.Debug|Any CPU.Build.0 = Debug|Any CPU
		{6F73438C-88A8-4A63-A95D-67B57CA1C6CD}.Debug|Any CPU.Deploy.0 = Debug|Any CPU
		{6F73438C-88A8-4A63-A95D-67B57CA1C6CD}.Release|Any CPU.ActiveCfg = Release|Any CPU
		{6F73438C-88A8-4A63-A95D-67B57CA1C6CD}.Release|Any CPU.Build.0 = Release|Any CPU
		{6F73438C-88A8-4A63-A95D-67B57CA1C6CD}.Release|Any CPU.Deploy.0 = Release|Any CPU
	EndGlobalSection
	GlobalSection(SolutionProperties) = preSolution
		HideSolutionNode = FALSE
	EndGlobalSection
	GlobalSection(ExtensibilityGlobals) = postSolution
		SolutionGuid = {637F9283-E392-4CB6-9E37-9742EF6AA060}
	EndGlobalSection
EndGlobal
